
Microsoft Visual Studio Solution File, Format Version 12.00
# Visual Studio Version 17
VisualStudioVersion = 17.14.36310.24 d17.14
MinimumVisualStudioVersion = 10.0.40219.1
Project("{8BC9CEB8-8B4A-11D0-8D11-00A0C91BC942}") = "Problems 16 to 20", "Problems 16 to 20.vcxproj", "{A388C932-FEF5-46A4-838C-DFE6D4726534}"
EndProject
Global
	GlobalSection(SolutionConfigurationPlatforms) = preSolution
		Debug|x64 = Debug|x64
		Debug|x86 = Debug|x86
		Release|x64 = Release|x64
		Release|x86 = Release|x86
	EndGlobalSection
	GlobalSection(ProjectConfigurationPlatforms) = postSolution
		{A388C932-FEF5-46A4-838C-DFE6D4726534}.Debug|x64.ActiveCfg = Debug|x64
		{A388C932-FEF5-46A4-838C-DFE6D4726534}.Debug|x64.Build.0 = Debug|x64
		{A388C932-FEF5-46A4-838C-DFE6D4726534}.Debug|x86.ActiveCfg = Debug|Win32
		{A388C932-FEF5-46A4-838C-DFE6D4726534}.Debug|x86.Build.0 = Debug|Win32
		{A388C932-FEF5-46A4-838C-DFE6D4726534}.Release|x64.ActiveCfg = Release|x64
		{A388C932-FEF5-46A4-838C-DFE6D4726534}.Release|x64.Build.0 = Release|x64
		{A388C932-FEF5-46A4-838C-DFE6D4726534}.Release|x86.ActiveCfg = Release|Win32
		{A388C932-FEF5-46A4-838C-DFE6D4726534}.Release|x86.Build.0 = Release|Win32
	EndGlobalSection
	GlobalSection(SolutionProperties) = preSolution
		HideSolutionNode = FALSE
	EndGlobalSection
	GlobalSection(ExtensibilityGlobals) = postSolution
		SolutionGuid = {9C401549-7D9E-4E49-A379-88A99EC53405}
	EndGlobalSection
EndGlobal
