
Microsoft Visual Studio Solution File, Format Version 12.00
# Visual Studio Version 17
VisualStudioVersion = 17.14.36310.24 d17.14
MinimumVisualStudioVersion = 10.0.40219.1
Project("{8BC9CEB8-8B4A-11D0-8D11-00A0C91BC942}") = "47- For Loop", "47- For Loop.vcxproj", "{79AA4DE1-9795-4ECE-A5CA-00B505FCBAF2}"
EndProject
Global
	GlobalSection(SolutionConfigurationPlatforms) = preSolution
		Debug|x64 = Debug|x64
		Debug|x86 = Debug|x86
		Release|x64 = Release|x64
		Release|x86 = Release|x86
	EndGlobalSection
	GlobalSection(ProjectConfigurationPlatforms) = postSolution
		{79AA4DE1-9795-4ECE-A5CA-00B505FCBAF2}.Debug|x64.ActiveCfg = Debug|x64
		{79AA4DE1-9795-4ECE-A5CA-00B505FCBAF2}.Debug|x64.Build.0 = Debug|x64
		{79AA4DE1-9795-4ECE-A5CA-00B505FCBAF2}.Debug|x86.ActiveCfg = Debug|Win32
		{79AA4DE1-9795-4ECE-A5CA-00B505FCBAF2}.Debug|x86.Build.0 = Debug|Win32
		{79AA4DE1-9795-4ECE-A5CA-00B505FCBAF2}.Release|x64.ActiveCfg = Release|x64
		{79AA4DE1-9795-4ECE-A5CA-00B505FCBAF2}.Release|x64.Build.0 = Release|x64
		{79AA4DE1-9795-4ECE-A5CA-00B505FCBAF2}.Release|x86.ActiveCfg = Release|Win32
		{79AA4DE1-9795-4ECE-A5CA-00B505FCBAF2}.Release|x86.Build.0 = Release|Win32
	EndGlobalSection
	GlobalSection(SolutionProperties) = preSolution
		HideSolutionNode = FALSE
	EndGlobalSection
	GlobalSection(ExtensibilityGlobals) = postSolution
		SolutionGuid = {83124E78-0158-4DC3-B3CC-8E80EC46B5B1}
	EndGlobalSection
EndGlobal
