
Microsoft Visual Studio Solution File, Format Version 12.00
# Visual Studio Version 17
VisualStudioVersion = 17.14.36310.24 d17.14
MinimumVisualStudioVersion = 10.0.40219.1
Project("{8BC9CEB8-8B4A-11D0-8D11-00A0C91BC942}") = "2-Output in c++", "2-Output in c++.vcxproj", "{2E513937-2B25-43D7-9F37-6D91C9EFEB14}"
EndProject
Global
	GlobalSection(SolutionConfigurationPlatforms) = preSolution
		Debug|x64 = Debug|x64
		Debug|x86 = Debug|x86
		Release|x64 = Release|x64
		Release|x86 = Release|x86
	EndGlobalSection
	GlobalSection(ProjectConfigurationPlatforms) = postSolution
		{2E513937-2B25-43D7-9F37-6D91C9EFEB14}.Debug|x64.ActiveCfg = Debug|x64
		{2E513937-2B25-43D7-9F37-6D91C9EFEB14}.Debug|x64.Build.0 = Debug|x64
		{2E513937-2B25-43D7-9F37-6D91C9EFEB14}.Debug|x86.ActiveCfg = Debug|Win32
		{2E513937-2B25-43D7-9F37-6D91C9EFEB14}.Debug|x86.Build.0 = Debug|Win32
		{2E513937-2B25-43D7-9F37-6D91C9EFEB14}.Release|x64.ActiveCfg = Release|x64
		{2E513937-2B25-43D7-9F37-6D91C9EFEB14}.Release|x64.Build.0 = Release|x64
		{2E513937-2B25-43D7-9F37-6D91C9EFEB14}.Release|x86.ActiveCfg = Release|Win32
		{2E513937-2B25-43D7-9F37-6D91C9EFEB14}.Release|x86.Build.0 = Release|Win32
	EndGlobalSection
	GlobalSection(SolutionProperties) = preSolution
		HideSolutionNode = FALSE
	EndGlobalSection
	GlobalSection(ExtensibilityGlobals) = postSolution
		SolutionGuid = {E473B3F9-A3EE-4CF5-B2CE-7736CA61EF80}
	EndGlobalSection
EndGlobal
